
Microsoft Visual Studio Solution File, Format Version 12.00
# Visual Studio Version 17
VisualStudioVersion = 17.2.32526.322
MinimumVisualStudioVersion = 10.0.40219.1
Project("{FAE04EC0-301F-11D3-BF4B-00C04F79EFBC}") = "UniversalModManager", "UniversalModManager.csproj", "{DAC9F590-E3BF-49F2-A3F3-7345FCB5105D}"
EndProject
Global
	GlobalSection(SolutionConfigurationPlatforms) = preSolution
		Debug|Any CPU = Debug|Any CPU
		Release|Any CPU = Release|Any CPU
	EndGlobalSection
	GlobalSection(ProjectConfigurationPlatforms) = postSolution
		{DAC9F590-E3BF-49F2-A3F3-7345FCB5105D}.Debug|Any CPU.ActiveCfg = Debug|Any CPU
		{DAC9F590-E3BF-49F2-A3F3-7345FCB5105D}.Debug|Any CPU.Build.0 = Debug|Any CPU
		{DAC9F590-E3BF-49F2-A3F3-7345FCB5105D}.Release|Any CPU.ActiveCfg = Release|Any CPU
		{DAC9F590-E3BF-49F2-A3F3-7345FCB5105D}.Release|Any CPU.Build.0 = Release|Any CPU
	EndGlobalSection
	GlobalSection(SolutionProperties) = preSolution
		HideSolutionNode = FALSE
	EndGlobalSection
	GlobalSection(ExtensibilityGlobals) = postSolution
		SolutionGuid = {9C51E164-D2B0-403C-A853-130B848FFB62}
	EndGlobalSection
EndGlobal
